
Microsoft Visual Studio Solution File, Format Version 12.00
# Visual Studio 15
VisualStudioVersion = 15.0.26228.9
MinimumVisualStudioVersion = 10.0.40219.1
Project("{FAE04EC0-301F-11D3-BF4B-00C04F79EFBC}") = "FileUploader", "FileUploader.csproj", "{11D80879-9D48-4489-8483-0AEECFD89E60}"
EndProject
Project("{FAE04EC0-301F-11D3-BF4B-00C04F79EFBC}") = "AsynMethodTesting", "AsynMethodTesting\AsynMethodTesting.csproj", "{12EA80AD-5282-481E-BE64-F303C9033E0D}"
EndProject
Project("{FAE04EC0-301F-11D3-BF4B-00C04F79EFBC}") = "Logger", "Logger\Logger.csproj", "{282A798C-9E3C-43B7-ADD6-25C487AC5344}"
EndProject
Global
	GlobalSection(SolutionConfigurationPlatforms) = preSolution
		Debug|Any CPU = Debug|Any CPU
		Release|Any CPU = Release|Any CPU
	EndGlobalSection
	GlobalSection(ProjectConfigurationPlatforms) = postSolution
		{11D80879-9D48-4489-8483-0AEECFD89E60}.Debug|Any CPU.ActiveCfg = Debug|Any CPU
		{11D80879-9D48-4489-8483-0AEECFD89E60}.Debug|Any CPU.Build.0 = Debug|Any CPU
		{11D80879-9D48-4489-8483-0AEECFD89E60}.Release|Any CPU.ActiveCfg = Release|Any CPU
		{11D80879-9D48-4489-8483-0AEECFD89E60}.Release|Any CPU.Build.0 = Release|Any CPU
		{12EA80AD-5282-481E-BE64-F303C9033E0D}.Debug|Any CPU.ActiveCfg = Debug|Any CPU
		{12EA80AD-5282-481E-BE64-F303C9033E0D}.Debug|Any CPU.Build.0 = Debug|Any CPU
		{12EA80AD-5282-481E-BE64-F303C9033E0D}.Release|Any CPU.ActiveCfg = Release|Any CPU
		{12EA80AD-5282-481E-BE64-F303C9033E0D}.Release|Any CPU.Build.0 = Release|Any CPU
		{282A798C-9E3C-43B7-ADD6-25C487AC5344}.Debug|Any CPU.ActiveCfg = Debug|Any CPU
		{282A798C-9E3C-43B7-ADD6-25C487AC5344}.Debug|Any CPU.Build.0 = Debug|Any CPU
		{282A798C-9E3C-43B7-ADD6-25C487AC5344}.Release|Any CPU.ActiveCfg = Release|Any CPU
		{282A798C-9E3C-43B7-ADD6-25C487AC5344}.Release|Any CPU.Build.0 = Release|Any CPU
	EndGlobalSection
	GlobalSection(SolutionProperties) = preSolution
		HideSolutionNode = FALSE
	EndGlobalSection
EndGlobal
